
Microsoft Visual Studio Solution File, Format Version 12.00
# Visual Studio Version 17
VisualStudioVersion = 17.6.33815.320
MinimumVisualStudioVersion = 10.0.40219.1
Project("{FAE04EC0-301F-11D3-BF4B-00C04F79EFBC}") = "Mindbox-test", "Mindbox-test.csproj", "{C0C8A8B2-FE8A-4044-8F90-BD9283630FCA}"
EndProject
Project("{FAE04EC0-301F-11D3-BF4B-00C04F79EFBC}") = "AreaCalculateLib", "..\AreaCalculateLib\AreaCalculateLib.csproj", "{F6B4A29B-482E-4A55-9E77-543FD5E57CC1}"
EndProject
Project("{FAE04EC0-301F-11D3-BF4B-00C04F79EFBC}") = "AreaCalculateLib.Tests", "..\AreaCalculateLib.Tests\AreaCalculateLib.Tests.csproj", "{D295ABAD-E4BF-4333-8696-AE6472A5911E}"
EndProject
Global
	GlobalSection(SolutionConfigurationPlatforms) = preSolution
		Debug|Any CPU = Debug|Any CPU
		Release|Any CPU = Release|Any CPU
	EndGlobalSection
	GlobalSection(ProjectConfigurationPlatforms) = postSolution
		{C0C8A8B2-FE8A-4044-8F90-BD9283630FCA}.Debug|Any CPU.ActiveCfg = Debug|Any CPU
		{C0C8A8B2-FE8A-4044-8F90-BD9283630FCA}.Debug|Any CPU.Build.0 = Debug|Any CPU
		{C0C8A8B2-FE8A-4044-8F90-BD9283630FCA}.Release|Any CPU.ActiveCfg = Release|Any CPU
		{C0C8A8B2-FE8A-4044-8F90-BD9283630FCA}.Release|Any CPU.Build.0 = Release|Any CPU
		{F6B4A29B-482E-4A55-9E77-543FD5E57CC1}.Debug|Any CPU.ActiveCfg = Debug|Any CPU
		{F6B4A29B-482E-4A55-9E77-543FD5E57CC1}.Debug|Any CPU.Build.0 = Debug|Any CPU
		{F6B4A29B-482E-4A55-9E77-543FD5E57CC1}.Release|Any CPU.ActiveCfg = Release|Any CPU
		{F6B4A29B-482E-4A55-9E77-543FD5E57CC1}.Release|Any CPU.Build.0 = Release|Any CPU
		{D295ABAD-E4BF-4333-8696-AE6472A5911E}.Debug|Any CPU.ActiveCfg = Debug|Any CPU
		{D295ABAD-E4BF-4333-8696-AE6472A5911E}.Debug|Any CPU.Build.0 = Debug|Any CPU
		{D295ABAD-E4BF-4333-8696-AE6472A5911E}.Release|Any CPU.ActiveCfg = Release|Any CPU
		{D295ABAD-E4BF-4333-8696-AE6472A5911E}.Release|Any CPU.Build.0 = Release|Any CPU
	EndGlobalSection
	GlobalSection(SolutionProperties) = preSolution
		HideSolutionNode = FALSE
	EndGlobalSection
	GlobalSection(ExtensibilityGlobals) = postSolution
		SolutionGuid = {BA998ADF-2EE3-4901-BE8B-697CF9CBADD7}
	EndGlobalSection
EndGlobal
